// !$*UTF8*$!
{
	archiveVersion = 1;
	classes = {
	};
	objectVersion = 48;
	objects = {

/* Begin PBXBuildFile section */
		9B4F52B620661E8A00FAAFE8 /* AppDelegate.swift in Sources */ = {isa = PBXBuildFile; fileRef = 9B4F52B520661E8A00FAAFE8 /* AppDelegate.swift */; };
		9B4F52BD20661E8B00FAAFE8 /* Assets.xcassets in Resources */ = {isa = PBXBuildFile; fileRef = 9B4F52BC20661E8B00FAAFE8 /* Assets.xcassets */; };
		9B4F52C020661E8B00FAAFE8 /* LaunchScreen.storyboard in Resources */ = {isa = PBXBuildFile; fileRef = 9B4F52BE20661E8B00FAAFE8 /* LaunchScreen.storyboard */; };
		9B6120D62069DA23003297AF /* UIColorExtension.swift in Sources */ = {isa = PBXBuildFile; fileRef = 9B6120D32069DA23003297AF /* UIColorExtension.swift */; };
		9B6120D72069DA23003297AF /* GridViewController.swift in Sources */ = {isa = PBXBuildFile; fileRef = 9B6120D42069DA23003297AF /* GridViewController.swift */; };
		9B6120D82069DA23003297AF /* Squares.swift in Sources */ = {isa = PBXBuildFile; fileRef = 9B6120D52069DA23003297AF /* Squares.swift */; };
		9BBA1861206B26E400F0933A /* Line.swift in Sources */ = {isa = PBXBuildFile; fileRef = 9BBA1860206B26E400F0933A /* Line.swift */; };
		9BBA1865206B43A600F0933A /* Array+Extensions.swift in Sources */ = {isa = PBXBuildFile; fileRef = 9BBA1862206B43A600F0933A /* Array+Extensions.swift */; };
		9BBA1866206B43A600F0933A /* ArrayStackView.swift in Sources */ = {isa = PBXBuildFile; fileRef = 9BBA1863206B43A600F0933A /* ArrayStackView.swift */; };
		9BBA1867206B43A600F0933A /* DelayOperation.swift in Sources */ = {isa = PBXBuildFile; fileRef = 9BBA1864206B43A600F0933A /* DelayOperation.swift */; };
		9BCF40872069DF37007815D6 /* Sorting.swift in Sources */ = {isa = PBXBuildFile; fileRef = 9BCF40862069DF37007815D6 /* Sorting.swift */; };
/* End PBXBuildFile section */

/* Begin PBXFileReference section */
		9B4F52B220661E8A00FAAFE8 /* wwdc2018.app */ = {isa = PBXFileReference; explicitFileType = wrapper.application; includeInIndex = 0; path = wwdc2018.app; sourceTree = BUILT_PRODUCTS_DIR; };
		9B4F52B520661E8A00FAAFE8 /* AppDelegate.swift */ = {isa = PBXFileReference; lastKnownFileType = sourcecode.swift; path = AppDelegate.swift; sourceTree = "<group>"; };
		9B4F52BC20661E8B00FAAFE8 /* Assets.xcassets */ = {isa = PBXFileReference; lastKnownFileType = folder.assetcatalog; path = Assets.xcassets; sourceTree = "<group>"; };
		9B4F52BF20661E8B00FAAFE8 /* Base */ = {isa = PBXFileReference; lastKnownFileType = file.storyboard; name = Base; path = Base.lproj/LaunchScreen.storyboard; sourceTree = "<group>"; };
		9B4F52C120661E8B00FAAFE8 /* Info.plist */ = {isa = PBXFileReference; lastKnownFileType = text.plist.xml; path = Info.plist; sourceTree = "<group>"; };
		9B6120D32069DA23003297AF /* UIColorExtension.swift */ = {isa = PBXFileReference; fileEncoding = 4; lastKnownFileType = sourcecode.swift; path = UIColorExtension.swift; sourceTree = "<group>"; };
		9B6120D42069DA23003297AF /* GridViewController.swift */ = {isa = PBXFileReference; fileEncoding = 4; lastKnownFileType = sourcecode.swift; path = GridViewController.swift; sourceTree = "<group>"; };
		9B6120D52069DA23003297AF /* Squares.swift */ = {isa = PBXFileReference; fileEncoding = 4; lastKnownFileType = sourcecode.swift; path = Squares.swift; sourceTree = "<group>"; };
		9BBA1860206B26E400F0933A /* Line.swift */ = {isa = PBXFileReference; lastKnownFileType = sourcecode.swift; path = Line.swift; sourceTree = "<group>"; };
		9BBA1862206B43A600F0933A /* Array+Extensions.swift */ = {isa = PBXFileReference; fileEncoding = 4; lastKnownFileType = sourcecode.swift; path = "Array+Extensions.swift"; sourceTree = "<group>"; };
		9BBA1863206B43A600F0933A /* ArrayStackView.swift */ = {isa = PBXFileReference; fileEncoding = 4; lastKnownFileType = sourcecode.swift; path = ArrayStackView.swift; sourceTree = "<group>"; };
		9BBA1864206B43A600F0933A /* DelayOperation.swift */ = {isa = PBXFileReference; fileEncoding = 4; lastKnownFileType = sourcecode.swift; path = DelayOperation.swift; sourceTree = "<group>"; };
		9BCF40862069DF37007815D6 /* Sorting.swift */ = {isa = PBXFileReference; lastKnownFileType = sourcecode.swift; path = Sorting.swift; sourceTree = "<group>"; };
/* End PBXFileReference section */

/* Begin PBXFrameworksBuildPhase section */
		9B4F52AF20661E8A00FAAFE8 /* Frameworks */ = {
			isa = PBXFrameworksBuildPhase;
			buildActionMask = 2147483647;
			files = (
			);
			runOnlyForDeploymentPostprocessing = 0;
		};
/* End PBXFrameworksBuildPhase section */

/* Begin PBXGroup section */
		9B4F52A920661E8A00FAAFE8 = {
			isa = PBXGroup;
			children = (
				9B4F52B420661E8A00FAAFE8 /* wwdc2018 */,
				9B4F52B320661E8A00FAAFE8 /* Products */,
			);
			sourceTree = "<group>";
		};
		9B4F52B320661E8A00FAAFE8 /* Products */ = {
			isa = PBXGroup;
			children = (
				9B4F52B220661E8A00FAAFE8 /* wwdc2018.app */,
			);
			name = Products;
			sourceTree = "<group>";
		};
		9B4F52B420661E8A00FAAFE8 /* wwdc2018 */ = {
			isa = PBXGroup;
			children = (
				9B6120D22069DA23003297AF /* Sources */,
				9B4F52C720661ECD00FAAFE8 /* Support Files */,
				9B4F52B520661E8A00FAAFE8 /* AppDelegate.swift */,
			);
			path = wwdc2018;
			sourceTree = "<group>";
		};
		9B4F52C720661ECD00FAAFE8 /* Support Files */ = {
			isa = PBXGroup;
			children = (
				9B4F52BC20661E8B00FAAFE8 /* Assets.xcassets */,
				9B4F52BE20661E8B00FAAFE8 /* LaunchScreen.storyboard */,
				9B4F52C120661E8B00FAAFE8 /* Info.plist */,
			);
			path = "Support Files";
			sourceTree = "<group>";
		};
		9B6120D22069DA23003297AF /* Sources */ = {
			isa = PBXGroup;
			children = (
				9BBA1868206B43AD00F0933A /* VerticalLines */,
				9B6120D32069DA23003297AF /* UIColorExtension.swift */,
				9BCF40862069DF37007815D6 /* Sorting.swift */,
				9B6120D42069DA23003297AF /* GridViewController.swift */,
				9B6120D52069DA23003297AF /* Squares.swift */,
				9BBA1860206B26E400F0933A /* Line.swift */,
			);
			name = Sources;
			path = MyPlayground.playground/Sources;
			sourceTree = SOURCE_ROOT;
		};
		9BBA1868206B43AD00F0933A /* VerticalLines */ = {
			isa = PBXGroup;
			children = (
				9BBA1862206B43A600F0933A /* Array+Extensions.swift */,
				9BBA1863206B43A600F0933A /* ArrayStackView.swift */,
				9BBA1864206B43A600F0933A /* DelayOperation.swift */,
			);
			path = VerticalLines;
			sourceTree = SOURCE_ROOT;
		};
/* End PBXGroup section */

/* Begin PBXNativeTarget section */
		9B4F52B120661E8A00FAAFE8 /* wwdc2018 */ = {
			isa = PBXNativeTarget;
			buildConfigurationList = 9B4F52C420661E8B00FAAFE8 /* Build configuration list for PBXNativeTarget "wwdc2018" */;
			buildPhases = (
				9B4F52AE20661E8A00FAAFE8 /* Sources */,
				9B4F52AF20661E8A00FAAFE8 /* Frameworks */,
				9B4F52B020661E8A00FAAFE8 /* Resources */,
			);
			buildRules = (
			);
			dependencies = (
			);
			name = wwdc2018;
			productName = wwdc2018;
			productReference = 9B4F52B220661E8A00FAAFE8 /* wwdc2018.app */;
			productType = "com.apple.product-type.application";
		};
/* End PBXNativeTarget section */

/* Begin PBXProject section */
		9B4F52AA20661E8A00FAAFE8 /* Project object */ = {
			isa = PBXProject;
			attributes = {
				LastSwiftUpdateCheck = 0920;
				LastUpgradeCheck = 0920;
				ORGANIZATIONNAME = "Gustavo Vergara Garcia";
				TargetAttributes = {
					9B4F52B120661E8A00FAAFE8 = {
						CreatedOnToolsVersion = 9.2;
						ProvisioningStyle = Automatic;
					};
				};
			};
			buildConfigurationList = 9B4F52AD20661E8A00FAAFE8 /* Build configuration list for PBXProject "wwdc2018" */;
			compatibilityVersion = "Xcode 8.0";
			developmentRegion = en;
			hasScannedForEncodings = 0;
			knownRegions = (
				en,
				Base,
			);
			mainGroup = 9B4F52A920661E8A00FAAFE8;
			productRefGroup = 9B4F52B320661E8A00FAAFE8 /* Products */;
			projectDirPath = "";
			projectRoot = "";
			targets = (
				9B4F52B120661E8A00FAAFE8 /* wwdc2018 */,
			);
		};
/* End PBXProject section */

/* Begin PBXResourcesBuildPhase section */
		9B4F52B020661E8A00FAAFE8 /* Resources */ = {
			isa = PBXResourcesBuildPhase;
			buildActionMask = 2147483647;
			files = (
				9B4F52C020661E8B00FAAFE8 /* LaunchScreen.storyboard in Resources */,
				9B4F52BD20661E8B00FAAFE8 /* Assets.xcassets in Resources */,
			);
			runOnlyForDeploymentPostprocessing = 0;
		};
/* End PBXResourcesBuildPhase section */

/* Begin PBXSourcesBuildPhase section */
		9B4F52AE20661E8A00FAAFE8 /* Sources */ = {
			isa = PBXSourcesBuildPhase;
			buildActionMask = 2147483647;
			files = (
				9B6120D82069DA23003297AF /* Squares.swift in Sources */,
				9B4F52B620661E8A00FAAFE8 /* AppDelegate.swift in Sources */,
				9BBA1867206B43A600F0933A /* DelayOperation.swift in Sources */,
				9B6120D62069DA23003297AF /* UIColorExtension.swift in Sources */,
				9BBA1865206B43A600F0933A /* Array+Extensions.swift in Sources */,
				9BBA1861206B26E400F0933A /* Line.swift in Sources */,
				9B6120D72069DA23003297AF /* GridViewController.swift in Sources */,
				9BCF40872069DF37007815D6 /* Sorting.swift in Sources */,
				9BBA1866206B43A600F0933A /* ArrayStackView.swift in Sources */,
			);
			runOnlyForDeploymentPostprocessing = 0;
		};
/* End PBXSourcesBuildPhase section */

/* Begin PBXVariantGroup section */
		9B4F52BE20661E8B00FAAFE8 /* LaunchScreen.storyboard */ = {
			isa = PBXVariantGroup;
			children = (
				9B4F52BF20661E8B00FAAFE8 /* Base */,
			);
			name = LaunchScreen.storyboard;
			sourceTree = "<group>";
		};
/* End PBXVariantGroup section */

/* Begin XCBuildConfiguration section */
		9B4F52C220661E8B00FAAFE8 /* Debug */ = {
			isa = XCBuildConfiguration;
			buildSettings = {
				ALWAYS_SEARCH_USER_PATHS = NO;
				CLANG_ANALYZER_NONNULL = YES;
				CLANG_ANALYZER_NUMBER_OBJECT_CONVERSION = YES_AGGRESSIVE;
				CLANG_CXX_LANGUAGE_STANDARD = "gnu++14";
				CLANG_CXX_LIBRARY = "libc++";
				CLANG_ENABLE_MODULES = YES;
				CLANG_ENABLE_OBJC_ARC = YES;
				CLANG_WARN_BLOCK_CAPTURE_AUTORELEASING = YES;
				CLANG_WARN_BOOL_CONVERSION = YES;
				CLANG_WARN_COMMA = YES;
				CLANG_WARN_CONSTANT_CONVERSION = YES;
				CLANG_WARN_DIRECT_OBJC_ISA_USAGE = YES_ERROR;
				CLANG_WARN_DOCUMENTATION_COMMENTS = YES;
				CLANG_WARN_EMPTY_BODY = YES;
				CLANG_WARN_ENUM_CONVERSION = YES;
				CLANG_WARN_INFINITE_RECURSION = YES;
				CLANG_WARN_INT_CONVERSION = YES;
				CLANG_WARN_NON_LITERAL_NULL_CONVERSION = YES;
				CLANG_WARN_OBJC_LITERAL_CONVERSION = YES;
				CLANG_WARN_OBJC_ROOT_CLASS = YES_ERROR;
				CLANG_WARN_RANGE_LOOP_ANALYSIS = YES;
				CLANG_WARN_STRICT_PROTOTYPES = YES;
				CLANG_WARN_SUSPICIOUS_MOVE = YES;
				CLANG_WARN_UNGUARDED_AVAILABILITY = YES_AGGRESSIVE;
				CLANG_WARN_UNREACHABLE_CODE = YES;
				CLANG_WARN__DUPLICATE_METHOD_MATCH = YES;
				CODE_SIGN_IDENTITY = "iPhone Developer";
				COPY_PHASE_STRIP = NO;
				DEBUG_INFORMATION_FORMAT = dwarf;
				ENABLE_STRICT_OBJC_MSGSEND = YES;
				ENABLE_TESTABILITY = YES;
				GCC_C_LANGUAGE_STANDARD = gnu11;
				GCC_DYNAMIC_NO_PIC = NO;
				GCC_NO_COMMON_BLOCKS = YES;
				GCC_OPTIMIZATION_LEVEL = 0;
				GCC_PREPROCESSOR_DEFINITIONS = (
					"DEBUG=1",
					"$(inherited)",
				);
				GCC_WARN_64_TO_32_BIT_CONVERSION = YES;
				GCC_WARN_ABOUT_RETURN_TYPE = YES_ERROR;
				GCC_WARN_UNDECLARED_SELECTOR = YES;
				GCC_WARN_UNINITIALIZED_AUTOS = YES_AGGRESSIVE;
				GCC_WARN_UNUSED_FUNCTION = YES;
				GCC_WARN_UNUSED_VARIABLE = YES;
				IPHONEOS_DEPLOYMENT_TARGET = 11.2;
				MTL_ENABLE_DEBUG_INFO = YES;
				ONLY_ACTIVE_ARCH = YES;
				SDKROOT = iphoneos;
				SWIFT_ACTIVE_COMPILATION_CONDITIONS = DEBUG;
				SWIFT_OPTIMIZATION_LEVEL = "-Onone";
			};
			name = Debug;
		};
		9B4F52C320661E8B00FAAFE8 /* Release */ = {
			isa = XCBuildConfiguration;
			buildSettings = {
				ALWAYS_SEARCH_USER_PATHS = NO;
				CLANG_ANALYZER_NONNULL = YES;
				CLANG_ANALYZER_NUMBER_OBJECT_CONVERSION = YES_AGGRESSIVE;
				CLANG_CXX_LANGUAGE_STANDARD = "gnu++14";
				CLANG_CXX_LIBRARY = "libc++";
				CLANG_ENABLE_MODULES = YES;
				CLANG_ENABLE_OBJC_ARC = YES;
				CLANG_WARN_BLOCK_CAPTURE_AUTORELEASING = YES;
				CLANG_WARN_BOOL_CONVERSION = YES;
				CLANG_WARN_COMMA = YES;
				CLANG_WARN_CONSTANT_CONVERSION = YES;
				CLANG_WARN_DIRECT_OBJC_ISA_USAGE = YES_ERROR;
				CLANG_WARN_DOCUMENTATION_COMMENTS = YES;
				CLANG_WARN_EMPTY_BODY = YES;
				CLANG_WARN_ENUM_CONVERSION = YES;
				CLANG_WARN_INFINITE_RECURSION = YES;
				CLANG_WARN_INT_CONVERSION = YES;
				CLANG_WARN_NON_LITERAL_NULL_CONVERSION = YES;
				CLANG_WARN_OBJC_LITERAL_CONVERSION = YES;
				CLANG_WARN_OBJC_ROOT_CLASS = YES_ERROR;
				CLANG_WARN_RANGE_LOOP_ANALYSIS = YES;
				CLANG_WARN_STRICT_PROTOTYPES = YES;
				CLANG_WARN_SUSPICIOUS_MOVE = YES;
				CLANG_WARN_UNGUARDED_AVAILABILITY = YES_AGGRESSIVE;
				CLANG_WARN_UNREACHABLE_CODE = YES;
				CLANG_WARN__DUPLICATE_METHOD_MATCH = YES;
				CODE_SIGN_IDENTITY = "iPhone Developer";
				COPY_PHASE_STRIP = NO;
				DEBUG_INFORMATION_FORMAT = "dwarf-with-dsym";
				ENABLE_NS_ASSERTIONS = NO;
				ENABLE_STRICT_OBJC_MSGSEND = YES;
				GCC_C_LANGUAGE_STANDARD = gnu11;
				GCC_NO_COMMON_BLOCKS = YES;
				GCC_WARN_64_TO_32_BIT_CONVERSION = YES;
				GCC_WARN_ABOUT_RETURN_TYPE = YES_ERROR;
				GCC_WARN_UNDECLARED_SELECTOR = YES;
				GCC_WARN_UNINITIALIZED_AUTOS = YES_AGGRESSIVE;
				GCC_WARN_UNUSED_FUNCTION = YES;
				GCC_WARN_UNUSED_VARIABLE = YES;
				IPHONEOS_DEPLOYMENT_TARGET = 11.2;
				MTL_ENABLE_DEBUG_INFO = NO;
				SDKROOT = iphoneos;
				SWIFT_OPTIMIZATION_LEVEL = "-Owholemodule";
				VALIDATE_PRODUCT = YES;
			};
			name = Release;
		};
		9B4F52C520661E8B00FAAFE8 /* Debug */ = {
			isa = XCBuildConfiguration;
			buildSettings = {
				ASSETCATALOG_COMPILER_APPICON_NAME = AppIcon;
				CODE_SIGN_STYLE = Automatic;
				DEVELOPMENT_TEAM = PNRHBB5S44;
				INFOPLIST_FILE = "$(SRCROOT)/wwdc2018/Support Files/Info.plist";
				LD_RUNPATH_SEARCH_PATHS = "$(inherited) @executable_path/Frameworks";
				PRODUCT_BUNDLE_IDENTIFIER = gvergara.wwdc2018;
				PRODUCT_NAME = "$(TARGET_NAME)";
				SWIFT_VERSION = 4.0;
				TARGETED_DEVICE_FAMILY = "1,2";
			};
			name = Debug;
		};
		9B4F52C620661E8B00FAAFE8 /* Release */ = {
			isa = XCBuildConfiguration;
			buildSettings = {
				ASSETCATALOG_COMPILER_APPICON_NAME = AppIcon;
				CODE_SIGN_STYLE = Automatic;
				DEVELOPMENT_TEAM = PNRHBB5S44;
				INFOPLIST_FILE = "$(SRCROOT)/wwdc2018/Support Files/Info.plist";
				LD_RUNPATH_SEARCH_PATHS = "$(inherited) @executable_path/Frameworks";
				PRODUCT_BUNDLE_IDENTIFIER = gvergara.wwdc2018;
				PRODUCT_NAME = "$(TARGET_NAME)";
				SWIFT_VERSION = 4.0;
				TARGETED_DEVICE_FAMILY = "1,2";
			};
			name = Release;
		};
/* End XCBuildConfiguration section */

/* Begin XCConfigurationList section */
		9B4F52AD20661E8A00FAAFE8 /* Build configuration list for PBXProject "wwdc2018" */ = {
			isa = XCConfigurationList;
			buildConfigurations = (
				9B4F52C220661E8B00FAAFE8 /* Debug */,
				9B4F52C320661E8B00FAAFE8 /* Release */,
			);
			defaultConfigurationIsVisible = 0;
			defaultConfigurationName = Release;
		};
		9B4F52C420661E8B00FAAFE8 /* Build configuration list for PBXNativeTarget "wwdc2018" */ = {
			isa = XCConfigurationList;
			buildConfigurations = (
				9B4F52C520661E8B00FAAFE8 /* Debug */,
				9B4F52C620661E8B00FAAFE8 /* Release */,
			);
			defaultConfigurationIsVisible = 0;
			defaultConfigurationName = Release;
		};
/* End XCConfigurationList section */
	};
	rootObject = 9B4F52AA20661E8A00FAAFE8 /* Project object */;
}
